
Microsoft Visual Studio Solution File, Format Version 12.00
# Visual Studio Version 17
VisualStudioVersion = 17.9.34728.123
MinimumVisualStudioVersion = 10.0.40219.1
Project("{F184B08F-C81C-45F6-A57F-5ABD9991F28F}") = "EP1-Faktorial", "EP1-Faktorial\EP1-Faktorial.vbproj", "{56F5D748-F9FC-47BA-807F-FECBF59C7E23}"
EndProject
Global
	GlobalSection(SolutionConfigurationPlatforms) = preSolution
		Debug|Any CPU = Debug|Any CPU
		Release|Any CPU = Release|Any CPU
	EndGlobalSection
	GlobalSection(ProjectConfigurationPlatforms) = postSolution
		{56F5D748-F9FC-47BA-807F-FECBF59C7E23}.Debug|Any CPU.ActiveCfg = Debug|Any CPU
		{56F5D748-F9FC-47BA-807F-FECBF59C7E23}.Debug|Any CPU.Build.0 = Debug|Any CPU
		{56F5D748-F9FC-47BA-807F-FECBF59C7E23}.Release|Any CPU.ActiveCfg = Release|Any CPU
		{56F5D748-F9FC-47BA-807F-FECBF59C7E23}.Release|Any CPU.Build.0 = Release|Any CPU
	EndGlobalSection
	GlobalSection(SolutionProperties) = preSolution
		HideSolutionNode = FALSE
	EndGlobalSection
	GlobalSection(ExtensibilityGlobals) = postSolution
		SolutionGuid = {6C376D78-7525-44F0-9A06-D859365C85A2}
	EndGlobalSection
EndGlobal
